
Microsoft Visual Studio Solution File, Format Version 12.00
# Visual Studio Version 16
VisualStudioVersion = 16.0.31424.327
MinimumVisualStudioVersion = 10.0.40219.1
Project("{9A19103F-16F7-4668-BE54-9A1E7A4F7556}") = "GitPath.Lib", "GitPath.Lib\GitPath.Lib.csproj", "{B9C5F329-23F2-49D0-98E6-D062BF22C643}"
EndProject
Project("{9A19103F-16F7-4668-BE54-9A1E7A4F7556}") = "GitPath.Tests", "GitPath.Tests\GitPath.Tests.csproj", "{2A2E4B68-9B68-4912-9D9E-567EB6FD9061}"
EndProject
Project("{FAE04EC0-301F-11D3-BF4B-00C04F79EFBC}") = "GitPath.ConsoleApp", "GitPath.ConsoleApp\GitPath.ConsoleApp.csproj", "{1FE49D79-D5A6-45F3-ADD0-9D3A048ABCF4}"
EndProject
Global
	GlobalSection(SolutionConfigurationPlatforms) = preSolution
		Debug|Any CPU = Debug|Any CPU
		Release|Any CPU = Release|Any CPU
	EndGlobalSection
	GlobalSection(ProjectConfigurationPlatforms) = postSolution
		{B9C5F329-23F2-49D0-98E6-D062BF22C643}.Debug|Any CPU.ActiveCfg = Debug|Any CPU
		{B9C5F329-23F2-49D0-98E6-D062BF22C643}.Debug|Any CPU.Build.0 = Debug|Any CPU
		{B9C5F329-23F2-49D0-98E6-D062BF22C643}.Release|Any CPU.ActiveCfg = Release|Any CPU
		{B9C5F329-23F2-49D0-98E6-D062BF22C643}.Release|Any CPU.Build.0 = Release|Any CPU
		{2A2E4B68-9B68-4912-9D9E-567EB6FD9061}.Debug|Any CPU.ActiveCfg = Debug|Any CPU
		{2A2E4B68-9B68-4912-9D9E-567EB6FD9061}.Debug|Any CPU.Build.0 = Debug|Any CPU
		{2A2E4B68-9B68-4912-9D9E-567EB6FD9061}.Release|Any CPU.ActiveCfg = Release|Any CPU
		{2A2E4B68-9B68-4912-9D9E-567EB6FD9061}.Release|Any CPU.Build.0 = Release|Any CPU
		{1FE49D79-D5A6-45F3-ADD0-9D3A048ABCF4}.Debug|Any CPU.ActiveCfg = Debug|Any CPU
		{1FE49D79-D5A6-45F3-ADD0-9D3A048ABCF4}.Debug|Any CPU.Build.0 = Debug|Any CPU
		{1FE49D79-D5A6-45F3-ADD0-9D3A048ABCF4}.Release|Any CPU.ActiveCfg = Release|Any CPU
		{1FE49D79-D5A6-45F3-ADD0-9D3A048ABCF4}.Release|Any CPU.Build.0 = Release|Any CPU
	EndGlobalSection
	GlobalSection(SolutionProperties) = preSolution
		HideSolutionNode = FALSE
	EndGlobalSection
	GlobalSection(ExtensibilityGlobals) = postSolution
		SolutionGuid = {9C5CEE6E-1E3C-4BB5-B182-2F8C4EF620A6}
	EndGlobalSection
EndGlobal
